
Microsoft Visual Studio Solution File, Format Version 12.00
# Visual Studio Version 17
VisualStudioVersion = 17.6.33815.320
MinimumVisualStudioVersion = 10.0.40219.1
Project("{FAE04EC0-301F-11D3-BF4B-00C04F79EFBC}") = "Basics", "Basics\Basics.csproj", "{CEAF63A9-7D75-4B76-88BF-3478AC26491C}"
EndProject
Global
	GlobalSection(SolutionConfigurationPlatforms) = preSolution
		Debug|Any CPU = Debug|Any CPU
		Release|Any CPU = Release|Any CPU
	EndGlobalSection
	GlobalSection(ProjectConfigurationPlatforms) = postSolution
		{CEAF63A9-7D75-4B76-88BF-3478AC26491C}.Debug|Any CPU.ActiveCfg = Debug|Any CPU
		{CEAF63A9-7D75-4B76-88BF-3478AC26491C}.Debug|Any CPU.Build.0 = Debug|Any CPU
		{CEAF63A9-7D75-4B76-88BF-3478AC26491C}.Release|Any CPU.ActiveCfg = Release|Any CPU
		{CEAF63A9-7D75-4B76-88BF-3478AC26491C}.Release|Any CPU.Build.0 = Release|Any CPU
	EndGlobalSection
	GlobalSection(SolutionProperties) = preSolution
		HideSolutionNode = FALSE
	EndGlobalSection
	GlobalSection(ExtensibilityGlobals) = postSolution
		SolutionGuid = {C04A3D9A-A290-45F4-9673-C50973632B94}
	EndGlobalSection
EndGlobal
